
Microsoft Visual Studio Solution File, Format Version 12.00
# Visual Studio Version 16
VisualStudioVersion = 16.0.33423.256
MinimumVisualStudioVersion = 10.0.40219.1
Project("{8BC9CEB8-8B4A-11D0-8D11-00A0C91BC942}") = "zipcodes", "zipcodes\zipcodes.vcxproj", "{D77B3024-6AF1-42B4-8A91-9172472A5F16}"
EndProject
Project("{8BC9CEB8-8B4A-11D0-8D11-00A0C91BC942}") = "pagedesigner", "pagedesigner\pagedesigner.vcxproj", "{E58F4B06-01BE-4104-8818-977EA9F885CC}"
EndProject
Project("{8BC9CEB8-8B4A-11D0-8D11-00A0C91BC942}") = "excel", "excel\excel.vcxproj", "{756A6E3A-35D3-4E0E-B532-AE7B26D5DD0A}"
EndProject
Project("{8BC9CEB8-8B4A-11D0-8D11-00A0C91BC942}") = "splash", "splash\splash.vcxproj", "{B1E17486-6DC5-4CCF-8DF7-04417BF33AF4}"
EndProject
Project("{8BC9CEB8-8B4A-11D0-8D11-00A0C91BC942}") = "commandline", "commandline\commandline.vcxproj", "{460675D7-7323-49DA-8CBC-732A811271B5}"
EndProject
Project("{8BC9CEB8-8B4A-11D0-8D11-00A0C91BC942}") = "qtcad", "qtcad\qtcad.vcxproj", "{3C4E5BCF-7B09-429A-954B-3A1F0BA2CA9E}"
EndProject
Project("{8BC9CEB8-8B4A-11D0-8D11-00A0C91BC942}") = "image2image", "image2image\image2image.vcxproj", "{F388AD90-80ED-47BE-ACA8-7B2D76D7AB28}"
EndProject
Global
	GlobalSection(SolutionConfigurationPlatforms) = preSolution
		Debug|x64 = Debug|x64
		Release|x64 = Release|x64
	EndGlobalSection
	GlobalSection(ProjectConfigurationPlatforms) = postSolution
		{D77B3024-6AF1-42B4-8A91-9172472A5F16}.Debug|x64.ActiveCfg = Debug|x64
		{D77B3024-6AF1-42B4-8A91-9172472A5F16}.Debug|x64.Build.0 = Debug|x64
		{D77B3024-6AF1-42B4-8A91-9172472A5F16}.Release|x64.ActiveCfg = Release|x64
		{D77B3024-6AF1-42B4-8A91-9172472A5F16}.Release|x64.Build.0 = Release|x64
		{E58F4B06-01BE-4104-8818-977EA9F885CC}.Debug|x64.ActiveCfg = Debug|x64
		{E58F4B06-01BE-4104-8818-977EA9F885CC}.Debug|x64.Build.0 = Debug|x64
		{E58F4B06-01BE-4104-8818-977EA9F885CC}.Release|x64.ActiveCfg = Release|x64
		{E58F4B06-01BE-4104-8818-977EA9F885CC}.Release|x64.Build.0 = Release|x64
		{756A6E3A-35D3-4E0E-B532-AE7B26D5DD0A}.Debug|x64.ActiveCfg = Debug|x64
		{756A6E3A-35D3-4E0E-B532-AE7B26D5DD0A}.Debug|x64.Build.0 = Debug|x64
		{756A6E3A-35D3-4E0E-B532-AE7B26D5DD0A}.Release|x64.ActiveCfg = Release|x64
		{756A6E3A-35D3-4E0E-B532-AE7B26D5DD0A}.Release|x64.Build.0 = Release|x64
		{B1E17486-6DC5-4CCF-8DF7-04417BF33AF4}.Debug|x64.ActiveCfg = Debug|x64
		{B1E17486-6DC5-4CCF-8DF7-04417BF33AF4}.Debug|x64.Build.0 = Debug|x64
		{B1E17486-6DC5-4CCF-8DF7-04417BF33AF4}.Release|x64.ActiveCfg = Release|x64
		{B1E17486-6DC5-4CCF-8DF7-04417BF33AF4}.Release|x64.Build.0 = Release|x64
		{460675D7-7323-49DA-8CBC-732A811271B5}.Debug|x64.ActiveCfg = Debug|x64
		{460675D7-7323-49DA-8CBC-732A811271B5}.Debug|x64.Build.0 = Debug|x64
		{460675D7-7323-49DA-8CBC-732A811271B5}.Release|x64.ActiveCfg = Release|x64
		{460675D7-7323-49DA-8CBC-732A811271B5}.Release|x64.Build.0 = Release|x64
		{3C4E5BCF-7B09-429A-954B-3A1F0BA2CA9E}.Debug|x64.ActiveCfg = Debug|x64
		{3C4E5BCF-7B09-429A-954B-3A1F0BA2CA9E}.Debug|x64.Build.0 = Debug|x64
		{3C4E5BCF-7B09-429A-954B-3A1F0BA2CA9E}.Release|x64.ActiveCfg = Release|x64
		{3C4E5BCF-7B09-429A-954B-3A1F0BA2CA9E}.Release|x64.Build.0 = Release|x64
		{F388AD90-80ED-47BE-ACA8-7B2D76D7AB28}.Debug|x64.ActiveCfg = Debug|x64
		{F388AD90-80ED-47BE-ACA8-7B2D76D7AB28}.Debug|x64.Build.0 = Debug|x64
		{F388AD90-80ED-47BE-ACA8-7B2D76D7AB28}.Release|x64.ActiveCfg = Release|x64
		{F388AD90-80ED-47BE-ACA8-7B2D76D7AB28}.Release|x64.Build.0 = Release|x64
	EndGlobalSection
	GlobalSection(SolutionProperties) = preSolution
		HideSolutionNode = FALSE
	EndGlobalSection
	GlobalSection(ExtensibilityGlobals) = postSolution
		SolutionGuid = {81DEF403-86C6-4C74-AD85-670D09EF28AC}
	EndGlobalSection
EndGlobal
